
Microsoft Visual Studio Solution File, Format Version 12.00
# Visual Studio Version 17
VisualStudioVersion = 17.11.35312.102
MinimumVisualStudioVersion = 10.0.40219.1
Project("{FAE04EC0-301F-11D3-BF4B-00C04F79EFBC}") = "GL8", "GL8.csproj", "{2B3FCF5D-75AE-46D7-AEFC-1FFCC14AF5ED}"
	ProjectSection(ProjectDependencies) = postProject
		{8EB7611B-68CD-4B8B-987A-11717E2B250C} = {8EB7611B-68CD-4B8B-987A-11717E2B250C}
	EndProjectSection
EndProject
Project("{FAE04EC0-301F-11D3-BF4B-00C04F79EFBC}") = "MaterialSkin", "MaterialSkin\MaterialSkin.csproj", "{8EB7611B-68CD-4B8B-987A-11717E2B250C}"
EndProject
Global
	GlobalSection(SolutionConfigurationPlatforms) = preSolution
		Debug|Any CPU = Debug|Any CPU
		Release|Any CPU = Release|Any CPU
	EndGlobalSection
	GlobalSection(ProjectConfigurationPlatforms) = postSolution
		{2B3FCF5D-75AE-46D7-AEFC-1FFCC14AF5ED}.Debug|Any CPU.ActiveCfg = Debug|Any CPU
		{2B3FCF5D-75AE-46D7-AEFC-1FFCC14AF5ED}.Debug|Any CPU.Build.0 = Debug|Any CPU
		{2B3FCF5D-75AE-46D7-AEFC-1FFCC14AF5ED}.Release|Any CPU.ActiveCfg = Release|Any CPU
		{2B3FCF5D-75AE-46D7-AEFC-1FFCC14AF5ED}.Release|Any CPU.Build.0 = Release|Any CPU
		{8EB7611B-68CD-4B8B-987A-11717E2B250C}.Debug|Any CPU.ActiveCfg = Debug|Any CPU
		{8EB7611B-68CD-4B8B-987A-11717E2B250C}.Debug|Any CPU.Build.0 = Debug|Any CPU
		{8EB7611B-68CD-4B8B-987A-11717E2B250C}.Release|Any CPU.ActiveCfg = Release|Any CPU
		{8EB7611B-68CD-4B8B-987A-11717E2B250C}.Release|Any CPU.Build.0 = Release|Any CPU
	EndGlobalSection
	GlobalSection(SolutionProperties) = preSolution
		HideSolutionNode = FALSE
	EndGlobalSection
	GlobalSection(ExtensibilityGlobals) = postSolution
		SolutionGuid = {7565E291-6296-4EF6-9D00-5E5257D9EE1B}
	EndGlobalSection
EndGlobal
